
Microsoft Visual Studio Solution File, Format Version 11.00
# Visual Studio 2010
Project("{F2A71F9B-5D33-465A-A702-920D77279786}") = "Maze.fs", "Maze.fs\Maze.fs.fsproj", "{4EED4831-83F0-4DE3-94BE-551E00A62C39}"
EndProject
Global
	GlobalSection(SolutionConfigurationPlatforms) = preSolution
		Debug|x86 = Debug|x86
		Release|x86 = Release|x86
	EndGlobalSection
	GlobalSection(ProjectConfigurationPlatforms) = postSolution
		{4EED4831-83F0-4DE3-94BE-551E00A62C39}.Debug|x86.ActiveCfg = Debug|x86
		{4EED4831-83F0-4DE3-94BE-551E00A62C39}.Debug|x86.Build.0 = Debug|x86
		{4EED4831-83F0-4DE3-94BE-551E00A62C39}.Release|x86.ActiveCfg = Release|x86
		{4EED4831-83F0-4DE3-94BE-551E00A62C39}.Release|x86.Build.0 = Release|x86
	EndGlobalSection
	GlobalSection(SolutionProperties) = preSolution
		HideSolutionNode = FALSE
	EndGlobalSection
EndGlobal
